schema: '2.0'
stages:
  prepare-data:
    cmd: python -m src.prepare_dataset && errant_parallel -orig data/test-input.txt
      -cor data/test-target.txt -out outputs/edits-gold.txt
    deps:
    - path: src/prepare_dataset.py
      md5: 724653720c3b8282a31e27b545770f4d
      size: 1045
    outs:
    - path: data/test.csv
      md5: 2424e389c2d851cdfce0dfd9988fa7c6
      size: 539957
    - path: data/train.csv
      md5: 5302ab3eca10a8bdcd46fd8778518333
      size: 5574337
  evaluate:
    cmd: errant_parallel -orig data/test-input.txt -cor outputs/predictions.txt -out
      outputs/edits-hyp.txt && errant_compare -hyp outputs/edits-hyp.txt -ref outputs/edits-gold.txt
      -cat 2 -json_path results.json && cat results.json && python -c 'from src.utils
      import log_metrics; log_metrics("models/args.json", "results.json", "outputs/predictions.txt")'
    deps:
    - path: data/test-input.txt
      md5: 99da9d79b39196b864bec2dc865164aa
      size: 259710
    - path: outputs/edits-gold.txt
      md5: ef1dc9b379e8d38e6263a34960d45f99
      size: 730714
    - path: outputs/predictions.txt
      md5: 6d8f27808bf86c3628aaa81f8de2dad6
      size: 270260
    outs:
    - path: outputs/edits-hyp.txt
      md5: 66c04fb30342d77602f4181cff82928e
      size: 560055
    - path: results.json
      md5: 5af13ac0de96210cbe1d8b18b9c2af33
      size: 4344
